
Microsoft Visual Studio Solution File, Format Version 12.00
# Visual Studio Version 16
VisualStudioVersion = 16.0.30804.86
MinimumVisualStudioVersion = 10.0.40219.1
Project("{8BC9CEB8-8B4A-11D0-8D11-00A0C91BC942}") = "1.15", "1.15.vcxproj", "{B61C3812-772D-4B3C-96BE-DEC32BE9FFEB}"
EndProject
Global
	GlobalSection(SolutionConfigurationPlatforms) = preSolution
		Debug|x64 = Debug|x64
		Debug|x86 = Debug|x86
		Release|x64 = Release|x64
		Release|x86 = Release|x86
	EndGlobalSection
	GlobalSection(ProjectConfigurationPlatforms) = postSolution
		{B61C3812-772D-4B3C-96BE-DEC32BE9FFEB}.Debug|x64.ActiveCfg = Debug|x64
		{B61C3812-772D-4B3C-96BE-DEC32BE9FFEB}.Debug|x64.Build.0 = Debug|x64
		{B61C3812-772D-4B3C-96BE-DEC32BE9FFEB}.Debug|x86.ActiveCfg = Debug|Win32
		{B61C3812-772D-4B3C-96BE-DEC32BE9FFEB}.Debug|x86.Build.0 = Debug|Win32
		{B61C3812-772D-4B3C-96BE-DEC32BE9FFEB}.Release|x64.ActiveCfg = Release|x64
		{B61C3812-772D-4B3C-96BE-DEC32BE9FFEB}.Release|x64.Build.0 = Release|x64
		{B61C3812-772D-4B3C-96BE-DEC32BE9FFEB}.Release|x86.ActiveCfg = Release|Win32
		{B61C3812-772D-4B3C-96BE-DEC32BE9FFEB}.Release|x86.Build.0 = Release|Win32
	EndGlobalSection
	GlobalSection(SolutionProperties) = preSolution
		HideSolutionNode = FALSE
	EndGlobalSection
	GlobalSection(ExtensibilityGlobals) = postSolution
		SolutionGuid = {9BFAF9CF-73C2-4F81-A21E-A8B6ED6D5489}
	EndGlobalSection
EndGlobal
